{
  "requires": true,
  "lockfileVersion": 1,
  "dependencies": {
    "@devexpress/dx-core": {
      "version": "2.0.1",
      "resolved": "https://registry.npmjs.org/@devexpress/dx-core/-/dx-core-2.0.1.tgz",
      "integrity": "sha512-6r4ZJpMvEGxZs6u4wkmypI40OlWZ5ALB8YviaPR2rfrRsPZovBOHTa8peXhIP9FUkuB1EwCWX6CEW8HAg92k+A=="
    },
    "@devexpress/dx-react-core": {
      "version": "2.0.1",
      "resolved": "https://registry.npmjs.org/@devexpress/dx-react-core/-/dx-react-core-2.0.1.tgz",
      "integrity": "sha512-pIEqCIr/x7pz6dG5XKKIqJ3L/MWoVZwg8rF+jJaEz+cuQTygLerWiEFMGHXdf6Lp+hukKwagvlrhTbZ/6CinMA==",
      "requires": {
        "@devexpress/dx-core": "2.0.1",
        "prop-types": "^15.7.2"
      }
    },
    "@devexpress/dx-react-scheduler": {
      "version": "2.0.1",
      "resolved": "https://registry.npmjs.org/@devexpress/dx-react-scheduler/-/dx-react-scheduler-2.0.1.tgz",
      "integrity": "sha512-Jy0IdDACtJU0wpDsqunbNYIav+ccAKzX7yvGRbaeGRkK0UP2xZaNa6B/gQgGkQgteWpGzaHSADYnHT7fi/uU3w==",
      "requires": {
        "@devexpress/dx-scheduler-core": "2.0.1"
      }
    },
    "@devexpress/dx-react-scheduler-material-ui": {
      "version": "2.0.1",
      "resolved": "https://registry.npmjs.org/@devexpress/dx-react-scheduler-material-ui/-/dx-react-scheduler-material-ui-2.0.1.tgz",
      "integrity": "sha512-xOjfZoH4BZAC3s+S+o61o010mxbbl6fCYZ29WTOuAMeeStVBLOV2GM2ZCF7cRYNZYikrm03MjPxJO1LpaF8Y0g==",
      "requires": {
        "classnames": "^2.2.6",
        "moment": "^2.24.0",
        "prop-types": "^15.7.2"
      }
    },
    "@devexpress/dx-scheduler-core": {
      "version": "2.0.1",
      "resolved": "https://registry.npmjs.org/@devexpress/dx-scheduler-core/-/dx-scheduler-core-2.0.1.tgz",
      "integrity": "sha512-EyhtaBjAq0nuUZEFb4fxVLQ6ILK4i3t1DF1NcmgxIeOx93iblsK8APn25RUrwXE80Ed+hmWJIA44XdafHDzTCA==",
      "requires": {
        "moment": "^2.24.0",
        "rrule": "^2.6.2"
      }
    },
    "classnames": {
      "version": "2.2.6",
      "resolved": "https://registry.npmjs.org/classnames/-/classnames-2.2.6.tgz",
      "integrity": "sha512-JR/iSQOSt+LQIWwrwEzJ9uk0xfN3mTVYMwt1Ir5mUcSN6pU+V4zQFFaJsclJbPuAUQH+yfWef6tm7l1quW3C8Q=="
    },
    "js-tokens": {
      "version": "4.0.0",
      "resolved": "https://registry.npmjs.org/js-tokens/-/js-tokens-4.0.0.tgz",
      "integrity": "sha512-RdJUflcE3cUzKiMqQgsCu06FPu9UdIJO0beYbPhHN4k6apgJtifcoCtT9bcxOpYBtpD2kCM6Sbzg4CausW/PKQ=="
    },
    "loose-envify": {
      "version": "1.4.0",
      "resolved": "https://registry.npmjs.org/loose-envify/-/loose-envify-1.4.0.tgz",
      "integrity": "sha512-lyuxPGr/Wfhrlem2CL/UcnUc1zcqKAImBDzukY7Y5F/yQiNdko6+fRLevlw1HgMySw7f611UIY408EtxRSoK3Q==",
      "requires": {
        "js-tokens": "^3.0.0 || ^4.0.0"
      }
    },
    "luxon": {
      "version": "1.17.1",
      "resolved": "https://registry.npmjs.org/luxon/-/luxon-1.17.1.tgz",
      "integrity": "sha512-+xo7Pj54xwyEzlMdXzDqm60Ewqbn0QqACwfIo6so9M1idUtYQrD7/PHjEFQQmLCBu8wUe2IDC2jrcJJ3Buk4Pw=="
    },
    "moment": {
      "version": "2.24.0",
      "resolved": "https://registry.npmjs.org/moment/-/moment-2.24.0.tgz",
      "integrity": "sha512-bV7f+6l2QigeBBZSM/6yTNq4P2fNpSWj/0e7jQcy87A8e7o2nAfP/34/2ky5Vw4B9S446EtIhodAzkFCcR4dQg=="
    },
    "object-assign": {
      "version": "4.1.1",
      "resolved": "https://registry.npmjs.org/object-assign/-/object-assign-4.1.1.tgz",
      "integrity": "sha1-IQmtx5ZYh8/AXLvUQsrIv7s2CGM="
    },
    "prop-types": {
      "version": "15.7.2",
      "resolved": "https://registry.npmjs.org/prop-types/-/prop-types-15.7.2.tgz",
      "integrity": "sha512-8QQikdH7//R2vurIJSutZ1smHYTcLpRWEOlHnzcWHmBYrOGUysKwSsrC89BCiFj3CbrfJ/nXFdJepOVrY1GCHQ==",
      "requires": {
        "loose-envify": "^1.4.0",
        "object-assign": "^4.1.1",
        "react-is": "^16.8.1"
      }
    },
    "react-is": {
      "version": "16.8.6",
      "resolved": "https://registry.npmjs.org/react-is/-/react-is-16.8.6.tgz",
      "integrity": "sha512-aUk3bHfZ2bRSVFFbbeVS4i+lNPZr3/WM5jT2J5omUVV1zzcs1nAaf3l51ctA5FFvCRbhrH0bdAsRRQddFJZPtA=="
    },
    "rrule": {
      "version": "2.6.2",
      "resolved": "https://registry.npmjs.org/rrule/-/rrule-2.6.2.tgz",
      "integrity": "sha512-xL38CM1zOYOIp4OO8hdD6zHH5UdR9siHMvPiv+CCSh7o0LYJ0owg87QcFW7GXJ0PfpLBHjanEMvvBjJxbRhAcQ==",
      "requires": {
        "luxon": "^1.3.3",
        "tslib": "^1.9.0"
      }
    },
    "tslib": {
      "version": "1.10.0",
      "resolved": "https://registry.npmjs.org/tslib/-/tslib-1.10.0.tgz",
      "integrity": "sha512-qOebF53frne81cf0S9B41ByenJ3/IuH8yJKngAX35CmiZySA0khhkovshKK+jGCaMnVomla7gVlIcc3EvKPbTQ=="
    },
    "yarn": {
      "version": "1.17.3",
      "resolved": "https://registry.npmjs.org/yarn/-/yarn-1.17.3.tgz",
      "integrity": "sha512-CgA8o7nRZaQvmeF/WBx2FC7f9W/0X59T2IaLYqgMo6637wfp5mMEsM3YXoJtKUspnpmDJKl/gGFhnqS+sON7hA=="
    }
  }
}
